
Microsoft Visual Studio Solution File, Format Version 12.00
# Visual Studio Version 16
VisualStudioVersion = 16.0.30907.101
MinimumVisualStudioVersion = 10.0.40219.1
Project("{FAE04EC0-301F-11D3-BF4B-00C04F79EFBC}") = "quicksort", "quicksort\quicksort.csproj", "{18BCEBE1-A3F6-485A-94B8-BC7D23A2BBEA}"
EndProject
Global
	GlobalSection(SolutionConfigurationPlatforms) = preSolution
		Debug|Any CPU = Debug|Any CPU
		Release|Any CPU = Release|Any CPU
	EndGlobalSection
	GlobalSection(ProjectConfigurationPlatforms) = postSolution
		{18BCEBE1-A3F6-485A-94B8-BC7D23A2BBEA}.Debug|Any CPU.ActiveCfg = Debug|Any CPU
		{18BCEBE1-A3F6-485A-94B8-BC7D23A2BBEA}.Debug|Any CPU.Build.0 = Debug|Any CPU
		{18BCEBE1-A3F6-485A-94B8-BC7D23A2BBEA}.Release|Any CPU.ActiveCfg = Release|Any CPU
		{18BCEBE1-A3F6-485A-94B8-BC7D23A2BBEA}.Release|Any CPU.Build.0 = Release|Any CPU
	EndGlobalSection
	GlobalSection(SolutionProperties) = preSolution
		HideSolutionNode = FALSE
	EndGlobalSection
	GlobalSection(ExtensibilityGlobals) = postSolution
		SolutionGuid = {F99339C9-0358-463A-A1F6-E86FEC336703}
	EndGlobalSection
EndGlobal
