
Microsoft Visual Studio Solution File, Format Version 12.00
# Visual Studio Version 16
VisualStudioVersion = 16.0.31019.35
MinimumVisualStudioVersion = 10.0.40219.1
Project("{FAE04EC0-301F-11D3-BF4B-00C04F79EFBC}") = "Dijkstra", "Dijkstra\Dijkstra.csproj", "{D5767C49-4F17-4670-A383-8B19390A8B57}"
EndProject
Project("{2150E333-8FDC-42A3-9474-1A3956D46DE8}") = "Solution Items", "Solution Items", "{188F2EB2-8D89-4B77-AAEA-A45BC782165B}"
EndProject
Global
	GlobalSection(SolutionConfigurationPlatforms) = preSolution
		Debug|Any CPU = Debug|Any CPU
		Release|Any CPU = Release|Any CPU
	EndGlobalSection
	GlobalSection(ProjectConfigurationPlatforms) = postSolution
		{D5767C49-4F17-4670-A383-8B19390A8B57}.Debug|Any CPU.ActiveCfg = Debug|Any CPU
		{D5767C49-4F17-4670-A383-8B19390A8B57}.Debug|Any CPU.Build.0 = Debug|Any CPU
		{D5767C49-4F17-4670-A383-8B19390A8B57}.Release|Any CPU.ActiveCfg = Release|Any CPU
		{D5767C49-4F17-4670-A383-8B19390A8B57}.Release|Any CPU.Build.0 = Release|Any CPU
	EndGlobalSection
	GlobalSection(SolutionProperties) = preSolution
		HideSolutionNode = FALSE
	EndGlobalSection
	GlobalSection(ExtensibilityGlobals) = postSolution
		SolutionGuid = {D819D2C1-7F95-4452-B83C-1E6332EF3FE3}
	EndGlobalSection
EndGlobal
