
Microsoft Visual Studio Solution File, Format Version 12.00
# Visual Studio Version 16
VisualStudioVersion = 16.0.30907.101
MinimumVisualStudioVersion = 10.0.40219.1
Project("{FAE04EC0-301F-11D3-BF4B-00C04F79EFBC}") = "datos y algoritmos", "datos y algoritmos\datos y algoritmos.csproj", "{BCCF498D-5A68-4C53-B681-1AB88022452D}"
EndProject
Global
	GlobalSection(SolutionConfigurationPlatforms) = preSolution
		Debug|Any CPU = Debug|Any CPU
		Release|Any CPU = Release|Any CPU
	EndGlobalSection
	GlobalSection(ProjectConfigurationPlatforms) = postSolution
		{BCCF498D-5A68-4C53-B681-1AB88022452D}.Debug|Any CPU.ActiveCfg = Debug|Any CPU
		{BCCF498D-5A68-4C53-B681-1AB88022452D}.Debug|Any CPU.Build.0 = Debug|Any CPU
		{BCCF498D-5A68-4C53-B681-1AB88022452D}.Release|Any CPU.ActiveCfg = Release|Any CPU
		{BCCF498D-5A68-4C53-B681-1AB88022452D}.Release|Any CPU.Build.0 = Release|Any CPU
	EndGlobalSection
	GlobalSection(SolutionProperties) = preSolution
		HideSolutionNode = FALSE
	EndGlobalSection
	GlobalSection(ExtensibilityGlobals) = postSolution
		SolutionGuid = {C437433A-28B8-4674-8D31-AF1195D6A3F7}
	EndGlobalSection
EndGlobal
